
Microsoft Visual Studio Solution File, Format Version 12.00
# Visual Studio Version 16
VisualStudioVersion = 16.0.29409.12
MinimumVisualStudioVersion = 10.0.40219.1
Project("{FAE04EC0-301F-11D3-BF4B-00C04F79EFBC}") = "EMM", "EMM\EMM.csproj", "{7CD18CEF-40FA-4BE3-9131-84E5F69D98BC}"
EndProject
Project("{FAE04EC0-301F-11D3-BF4B-00C04F79EFBC}") = "EMM.Core", "EMM.Core\EMM.Core.csproj", "{F2E8DC53-3CB2-46CA-AF4E-A325E789B286}"
EndProject
Project("{FAE04EC0-301F-11D3-BF4B-00C04F79EFBC}") = "Data", "Data\Data.csproj", "{A2CF0525-6750-409B-9D8A-02782D778F79}"
EndProject
Project("{FAE04EC0-301F-11D3-BF4B-00C04F79EFBC}") = "EMMUpdater", "EMMUpdater\EMMUpdater.csproj", "{B10BF73F-35B1-4446-944A-D5D291AC1655}"
EndProject
Project("{FAE04EC0-301F-11D3-BF4B-00C04F79EFBC}") = "AEMG-EX", "AEMG-EX\AEMG-EX.csproj", "{AEDFB056-6D0F-47EF-BA86-9C6C5738F4A3}"
EndProject
Project("{FAE04EC0-301F-11D3-BF4B-00C04F79EFBC}") = "AEMG-EX.Core", "AEMG-EX.Core\AEMG-EX.Core.csproj", "{300208D1-FF25-4F38-A877-9C9E1B03CAB0}"
EndProject
Project("{FAE04EC0-301F-11D3-BF4B-00C04F79EFBC}") = "MTPCon", "MTPCon\MTPCon.csproj", "{199A82B5-D8C2-4732-8924-3995F130B765}"
EndProject
Project("{FAE04EC0-301F-11D3-BF4B-00C04F79EFBC}") = "MTPExplorer", "MTPExplorer\MTPExplorer.csproj", "{6917691C-85D7-4A57-914B-669F8EB7DC86}"
EndProject
Project("{FAE04EC0-301F-11D3-BF4B-00C04F79EFBC}") = "EMM.Test", "EMM.Test\EMM.Test.csproj", "{D1B9A6DB-77EC-406F-9D27-B2BECC0AF130}"
EndProject
Global
	GlobalSection(SolutionConfigurationPlatforms) = preSolution
		Debug|Any CPU = Debug|Any CPU
		Debug|x64 = Debug|x64
		Release|Any CPU = Release|Any CPU
		Release|x64 = Release|x64
	EndGlobalSection
	GlobalSection(ProjectConfigurationPlatforms) = postSolution
		{7CD18CEF-40FA-4BE3-9131-84E5F69D98BC}.Debug|Any CPU.ActiveCfg = Debug|Any CPU
		{7CD18CEF-40FA-4BE3-9131-84E5F69D98BC}.Debug|Any CPU.Build.0 = Debug|Any CPU
		{7CD18CEF-40FA-4BE3-9131-84E5F69D98BC}.Debug|x64.ActiveCfg = Debug|x64
		{7CD18CEF-40FA-4BE3-9131-84E5F69D98BC}.Debug|x64.Build.0 = Debug|x64
		{7CD18CEF-40FA-4BE3-9131-84E5F69D98BC}.Release|Any CPU.ActiveCfg = Release|Any CPU
		{7CD18CEF-40FA-4BE3-9131-84E5F69D98BC}.Release|Any CPU.Build.0 = Release|Any CPU
		{7CD18CEF-40FA-4BE3-9131-84E5F69D98BC}.Release|x64.ActiveCfg = Release|x64
		{7CD18CEF-40FA-4BE3-9131-84E5F69D98BC}.Release|x64.Build.0 = Release|x64
		{F2E8DC53-3CB2-46CA-AF4E-A325E789B286}.Debug|Any CPU.ActiveCfg = Debug|Any CPU
		{F2E8DC53-3CB2-46CA-AF4E-A325E789B286}.Debug|Any CPU.Build.0 = Debug|Any CPU
		{F2E8DC53-3CB2-46CA-AF4E-A325E789B286}.Debug|x64.ActiveCfg = Debug|x64
		{F2E8DC53-3CB2-46CA-AF4E-A325E789B286}.Debug|x64.Build.0 = Debug|x64
		{F2E8DC53-3CB2-46CA-AF4E-A325E789B286}.Release|Any CPU.ActiveCfg = Release|Any CPU
		{F2E8DC53-3CB2-46CA-AF4E-A325E789B286}.Release|Any CPU.Build.0 = Release|Any CPU
		{F2E8DC53-3CB2-46CA-AF4E-A325E789B286}.Release|x64.ActiveCfg = Release|x64
		{F2E8DC53-3CB2-46CA-AF4E-A325E789B286}.Release|x64.Build.0 = Release|x64
		{A2CF0525-6750-409B-9D8A-02782D778F79}.Debug|Any CPU.ActiveCfg = Debug|Any CPU
		{A2CF0525-6750-409B-9D8A-02782D778F79}.Debug|Any CPU.Build.0 = Debug|Any CPU
		{A2CF0525-6750-409B-9D8A-02782D778F79}.Debug|x64.ActiveCfg = Debug|x64
		{A2CF0525-6750-409B-9D8A-02782D778F79}.Debug|x64.Build.0 = Debug|x64
		{A2CF0525-6750-409B-9D8A-02782D778F79}.Release|Any CPU.ActiveCfg = Release|Any CPU
		{A2CF0525-6750-409B-9D8A-02782D778F79}.Release|Any CPU.Build.0 = Release|Any CPU
		{A2CF0525-6750-409B-9D8A-02782D778F79}.Release|x64.ActiveCfg = Release|x64
		{A2CF0525-6750-409B-9D8A-02782D778F79}.Release|x64.Build.0 = Release|x64
		{B10BF73F-35B1-4446-944A-D5D291AC1655}.Debug|Any CPU.ActiveCfg = Debug|Any CPU
		{B10BF73F-35B1-4446-944A-D5D291AC1655}.Debug|Any CPU.Build.0 = Debug|Any CPU
		{B10BF73F-35B1-4446-944A-D5D291AC1655}.Debug|x64.ActiveCfg = Debug|x64
		{B10BF73F-35B1-4446-944A-D5D291AC1655}.Debug|x64.Build.0 = Debug|x64
		{B10BF73F-35B1-4446-944A-D5D291AC1655}.Release|Any CPU.ActiveCfg = Release|Any CPU
		{B10BF73F-35B1-4446-944A-D5D291AC1655}.Release|Any CPU.Build.0 = Release|Any CPU
		{B10BF73F-35B1-4446-944A-D5D291AC1655}.Release|x64.ActiveCfg = Release|x64
		{B10BF73F-35B1-4446-944A-D5D291AC1655}.Release|x64.Build.0 = Release|x64
		{AEDFB056-6D0F-47EF-BA86-9C6C5738F4A3}.Debug|Any CPU.ActiveCfg = Debug|Any CPU
		{AEDFB056-6D0F-47EF-BA86-9C6C5738F4A3}.Debug|Any CPU.Build.0 = Debug|Any CPU
		{AEDFB056-6D0F-47EF-BA86-9C6C5738F4A3}.Debug|x64.ActiveCfg = Debug|x64
		{AEDFB056-6D0F-47EF-BA86-9C6C5738F4A3}.Debug|x64.Build.0 = Debug|x64
		{AEDFB056-6D0F-47EF-BA86-9C6C5738F4A3}.Release|Any CPU.ActiveCfg = Release|Any CPU
		{AEDFB056-6D0F-47EF-BA86-9C6C5738F4A3}.Release|Any CPU.Build.0 = Release|Any CPU
		{AEDFB056-6D0F-47EF-BA86-9C6C5738F4A3}.Release|x64.ActiveCfg = Release|x64
		{AEDFB056-6D0F-47EF-BA86-9C6C5738F4A3}.Release|x64.Build.0 = Release|x64
		{300208D1-FF25-4F38-A877-9C9E1B03CAB0}.Debug|Any CPU.ActiveCfg = Debug|Any CPU
		{300208D1-FF25-4F38-A877-9C9E1B03CAB0}.Debug|Any CPU.Build.0 = Debug|Any CPU
		{300208D1-FF25-4F38-A877-9C9E1B03CAB0}.Debug|x64.ActiveCfg = Debug|x64
		{300208D1-FF25-4F38-A877-9C9E1B03CAB0}.Debug|x64.Build.0 = Debug|x64
		{300208D1-FF25-4F38-A877-9C9E1B03CAB0}.Release|Any CPU.ActiveCfg = Release|Any CPU
		{300208D1-FF25-4F38-A877-9C9E1B03CAB0}.Release|Any CPU.Build.0 = Release|Any CPU
		{300208D1-FF25-4F38-A877-9C9E1B03CAB0}.Release|x64.ActiveCfg = Release|x64
		{300208D1-FF25-4F38-A877-9C9E1B03CAB0}.Release|x64.Build.0 = Release|x64
		{199A82B5-D8C2-4732-8924-3995F130B765}.Debug|Any CPU.ActiveCfg = Debug|Any CPU
		{199A82B5-D8C2-4732-8924-3995F130B765}.Debug|Any CPU.Build.0 = Debug|Any CPU
		{199A82B5-D8C2-4732-8924-3995F130B765}.Debug|x64.ActiveCfg = Debug|x64
		{199A82B5-D8C2-4732-8924-3995F130B765}.Debug|x64.Build.0 = Debug|x64
		{199A82B5-D8C2-4732-8924-3995F130B765}.Release|Any CPU.ActiveCfg = Release|Any CPU
		{199A82B5-D8C2-4732-8924-3995F130B765}.Release|Any CPU.Build.0 = Release|Any CPU
		{199A82B5-D8C2-4732-8924-3995F130B765}.Release|x64.ActiveCfg = Release|x64
		{199A82B5-D8C2-4732-8924-3995F130B765}.Release|x64.Build.0 = Release|x64
		{6917691C-85D7-4A57-914B-669F8EB7DC86}.Debug|Any CPU.ActiveCfg = Debug|Any CPU
		{6917691C-85D7-4A57-914B-669F8EB7DC86}.Debug|Any CPU.Build.0 = Debug|Any CPU
		{6917691C-85D7-4A57-914B-669F8EB7DC86}.Debug|x64.ActiveCfg = Debug|Any CPU
		{6917691C-85D7-4A57-914B-669F8EB7DC86}.Debug|x64.Build.0 = Debug|Any CPU
		{6917691C-85D7-4A57-914B-669F8EB7DC86}.Release|Any CPU.ActiveCfg = Release|Any CPU
		{6917691C-85D7-4A57-914B-669F8EB7DC86}.Release|Any CPU.Build.0 = Release|Any CPU
		{6917691C-85D7-4A57-914B-669F8EB7DC86}.Release|x64.ActiveCfg = Release|Any CPU
		{6917691C-85D7-4A57-914B-669F8EB7DC86}.Release|x64.Build.0 = Release|Any CPU
		{D1B9A6DB-77EC-406F-9D27-B2BECC0AF130}.Debug|Any CPU.ActiveCfg = Debug|Any CPU
		{D1B9A6DB-77EC-406F-9D27-B2BECC0AF130}.Debug|Any CPU.Build.0 = Debug|Any CPU
		{D1B9A6DB-77EC-406F-9D27-B2BECC0AF130}.Debug|x64.ActiveCfg = Debug|Any CPU
		{D1B9A6DB-77EC-406F-9D27-B2BECC0AF130}.Debug|x64.Build.0 = Debug|Any CPU
		{D1B9A6DB-77EC-406F-9D27-B2BECC0AF130}.Release|Any CPU.ActiveCfg = Release|Any CPU
		{D1B9A6DB-77EC-406F-9D27-B2BECC0AF130}.Release|Any CPU.Build.0 = Release|Any CPU
		{D1B9A6DB-77EC-406F-9D27-B2BECC0AF130}.Release|x64.ActiveCfg = Release|Any CPU
		{D1B9A6DB-77EC-406F-9D27-B2BECC0AF130}.Release|x64.Build.0 = Release|Any CPU
	EndGlobalSection
	GlobalSection(SolutionProperties) = preSolution
		HideSolutionNode = FALSE
	EndGlobalSection
	GlobalSection(ExtensibilityGlobals) = postSolution
		SolutionGuid = {B479D985-B088-4BEE-B45B-8EA1C6FA27DE}
	EndGlobalSection
EndGlobal
